{
  "pins" : [
    {
      "identity" : "debug-screen-ios",
      "kind" : "remoteSourceControl",
      "location" : "https://github.com/surfstudio/debug-screen-ios",
      "state" : {
        "revision" : "a706d56bdab211e56b35a7d67d75af26ce0a7b3e",
        "version" : "1.0.1"
      }
    },
    {
      "identity" : "netfox",
      "kind" : "remoteSourceControl",
      "location" : "https://github.com/kasketis/netfox",
      "state" : {
        "revision" : "557576032736fd3140422baefb68b8f76c55088f",
        "version" : "1.21.0"
      }
    },
    {
      "identity" : "netshears",
      "kind" : "remoteSourceControl",
      "location" : "https://github.com/divar-ir/NetShears",
      "state" : {
        "revision" : "b2da539cd3c749b892de7b85b18eda9e213c1bae",
        "version" : "3.4.2"
      }
    }
  ],
  "version" : 2
}
