{
  "pins" : [
    {
      "identity" : "alamofire",
      "kind" : "remoteSourceControl",
      "location" : "https://github.com/Alamofire/Alamofire",
      "state" : {
        "revision" : "78424be314842833c04bc3bef5b72e85fff99204",
        "version" : "5.6.4"
      }
    },
    {
      "identity" : "debug-screen-ios",
      "kind" : "remoteSourceControl",
      "location" : "https://github.com/surfstudio/debug-screen-ios",
      "state" : {
        "revision" : "a706d56bdab211e56b35a7d67d75af26ce0a7b3e",
        "version" : "1.0.1"
      }
    },
    {
      "identity" : "networkactivitymonitor",
      "kind" : "remoteSourceControl",
      "location" : "https://github.com/AdmiralBizon/NetworkActivityMonitor",
      "state" : {
        "branch" : "add-main-flow",
        "revision" : "33dbbb1127b460096b89227ec4b4d0981764dd8e"
      }
    },
    {
      "identity" : "pulse",
      "kind" : "remoteSourceControl",
      "location" : "https://github.com/kean/Pulse",
      "state" : {
        "revision" : "36cb6f05affbf7840fa27cde1b65257f54fdc88c",
        "version" : "3.5.7"
      }
    }
  ],
  "version" : 2
}
