// !$*UTF8*$!
{
	archiveVersion = 1;
	classes = {
	};
	objectVersion = 55;
	objects = {

/* Begin PBXBuildFile section */
		093488DE2808AA9700F7B4ED /* AppDelegate.swift in Sources */ = {isa = PBXBuildFile; fileRef = 093488DD2808AA9700F7B4ED /* AppDelegate.swift */; };
		093488E02808AA9700F7B4ED /* SceneDelegate.swift in Sources */ = {isa = PBXBuildFile; fileRef = 093488DF2808AA9700F7B4ED /* SceneDelegate.swift */; };
		093488E52808AA9700F7B4ED /* Main.storyboard in Resources */ = {isa = PBXBuildFile; fileRef = 093488E32808AA9700F7B4ED /* Main.storyboard */; };
		093488E72808AA9A00F7B4ED /* Assets.xcassets in Resources */ = {isa = PBXBuildFile; fileRef = 093488E62808AA9A00F7B4ED /* Assets.xcassets */; };
		093488EA2808AA9A00F7B4ED /* LaunchScreen.storyboard in Resources */ = {isa = PBXBuildFile; fileRef = 093488E82808AA9A00F7B4ED /* LaunchScreen.storyboard */; };
		093488F22808B00600F7B4ED /* CharacterTableViewCell.swift in Sources */ = {isa = PBXBuildFile; fileRef = 093488F12808B00600F7B4ED /* CharacterTableViewCell.swift */; };
		093488F72808B32600F7B4ED /* NetworkManager.swift in Sources */ = {isa = PBXBuildFile; fileRef = 093488F62808B32600F7B4ED /* NetworkManager.swift */; };
		093488F92808B34600F7B4ED /* CharactersPage.swift in Sources */ = {isa = PBXBuildFile; fileRef = 093488F82808B34600F7B4ED /* CharactersPage.swift */; };
		093488FE2808BCE900F7B4ED /* Constants.swift in Sources */ = {isa = PBXBuildFile; fileRef = 093488FD2808BCE900F7B4ED /* Constants.swift */; };
		0937F7FD2809EE1400A3A272 /* CharacterDetailViewController.swift in Sources */ = {isa = PBXBuildFile; fileRef = 0937F7FC2809EE1400A3A272 /* CharacterDetailViewController.swift */; };
		0937F7FF280A010900A3A272 /* CharactersListViewController.swift in Sources */ = {isa = PBXBuildFile; fileRef = 0937F7FE280A010900A3A272 /* CharactersListViewController.swift */; };
/* End PBXBuildFile section */

/* Begin PBXFileReference section */
		093488DA2808AA9700F7B4ED /* RickAndMorty.app */ = {isa = PBXFileReference; explicitFileType = wrapper.application; includeInIndex = 0; path = RickAndMorty.app; sourceTree = BUILT_PRODUCTS_DIR; };
		093488DD2808AA9700F7B4ED /* AppDelegate.swift */ = {isa = PBXFileReference; lastKnownFileType = sourcecode.swift; path = AppDelegate.swift; sourceTree = "<group>"; };
		093488DF2808AA9700F7B4ED /* SceneDelegate.swift */ = {isa = PBXFileReference; lastKnownFileType = sourcecode.swift; path = SceneDelegate.swift; sourceTree = "<group>"; };
		093488E42808AA9700F7B4ED /* Base */ = {isa = PBXFileReference; lastKnownFileType = file.storyboard; name = Base; path = Base.lproj/Main.storyboard; sourceTree = "<group>"; };
		093488E62808AA9A00F7B4ED /* Assets.xcassets */ = {isa = PBXFileReference; lastKnownFileType = folder.assetcatalog; path = Assets.xcassets; sourceTree = "<group>"; };
		093488E92808AA9A00F7B4ED /* Base */ = {isa = PBXFileReference; lastKnownFileType = file.storyboard; name = Base; path = Base.lproj/LaunchScreen.storyboard; sourceTree = "<group>"; };
		093488EB2808AA9A00F7B4ED /* Info.plist */ = {isa = PBXFileReference; lastKnownFileType = text.plist.xml; path = Info.plist; sourceTree = "<group>"; };
		093488F12808B00600F7B4ED /* CharacterTableViewCell.swift */ = {isa = PBXFileReference; lastKnownFileType = sourcecode.swift; path = CharacterTableViewCell.swift; sourceTree = "<group>"; };
		093488F62808B32600F7B4ED /* NetworkManager.swift */ = {isa = PBXFileReference; lastKnownFileType = sourcecode.swift; path = NetworkManager.swift; sourceTree = "<group>"; };
		093488F82808B34600F7B4ED /* CharactersPage.swift */ = {isa = PBXFileReference; lastKnownFileType = sourcecode.swift; path = CharactersPage.swift; sourceTree = "<group>"; };
		093488FD2808BCE900F7B4ED /* Constants.swift */ = {isa = PBXFileReference; lastKnownFileType = sourcecode.swift; path = Constants.swift; sourceTree = "<group>"; };
		0937F7FC2809EE1400A3A272 /* CharacterDetailViewController.swift */ = {isa = PBXFileReference; lastKnownFileType = sourcecode.swift; path = CharacterDetailViewController.swift; sourceTree = "<group>"; };
		0937F7FE280A010900A3A272 /* CharactersListViewController.swift */ = {isa = PBXFileReference; lastKnownFileType = sourcecode.swift; path = CharactersListViewController.swift; sourceTree = "<group>"; };
/* End PBXFileReference section */

/* Begin PBXFrameworksBuildPhase section */
		093488D72808AA9700F7B4ED /* Frameworks */ = {
			isa = PBXFrameworksBuildPhase;
			buildActionMask = 2147483647;
			files = (
			);
			runOnlyForDeploymentPostprocessing = 0;
		};
/* End PBXFrameworksBuildPhase section */

/* Begin PBXGroup section */
		093488D12808AA9700F7B4ED = {
			isa = PBXGroup;
			children = (
				093488DC2808AA9700F7B4ED /* RickAndMorty */,
				093488DB2808AA9700F7B4ED /* Products */,
			);
			sourceTree = "<group>";
		};
		093488DB2808AA9700F7B4ED /* Products */ = {
			isa = PBXGroup;
			children = (
				093488DA2808AA9700F7B4ED /* RickAndMorty.app */,
			);
			name = Products;
			sourceTree = "<group>";
		};
		093488DC2808AA9700F7B4ED /* RickAndMorty */ = {
			isa = PBXGroup;
			children = (
				093488F52808B31500F7B4ED /* Service */,
				093488FA2808B34D00F7B4ED /* Model */,
				093488FB2808B60100F7B4ED /* Views */,
				093488FC2808B62200F7B4ED /* Controllers */,
				0937F801280A081E00A3A272 /* Supporting Files */,
				0937F800280A07EF00A3A272 /* Resources */,
			);
			path = RickAndMorty;
			sourceTree = "<group>";
		};
		093488F52808B31500F7B4ED /* Service */ = {
			isa = PBXGroup;
			children = (
				093488F62808B32600F7B4ED /* NetworkManager.swift */,
			);
			path = Service;
			sourceTree = "<group>";
		};
		093488FA2808B34D00F7B4ED /* Model */ = {
			isa = PBXGroup;
			children = (
				093488F82808B34600F7B4ED /* CharactersPage.swift */,
			);
			path = Model;
			sourceTree = "<group>";
		};
		093488FB2808B60100F7B4ED /* Views */ = {
			isa = PBXGroup;
			children = (
				093488F12808B00600F7B4ED /* CharacterTableViewCell.swift */,
				093488E32808AA9700F7B4ED /* Main.storyboard */,
				093488E82808AA9A00F7B4ED /* LaunchScreen.storyboard */,
			);
			path = Views;
			sourceTree = "<group>";
		};
		093488FC2808B62200F7B4ED /* Controllers */ = {
			isa = PBXGroup;
			children = (
				0937F7FC2809EE1400A3A272 /* CharacterDetailViewController.swift */,
				0937F7FE280A010900A3A272 /* CharactersListViewController.swift */,
			);
			path = Controllers;
			sourceTree = "<group>";
		};
		0937F800280A07EF00A3A272 /* Resources */ = {
			isa = PBXGroup;
			children = (
				093488E62808AA9A00F7B4ED /* Assets.xcassets */,
			);
			path = Resources;
			sourceTree = "<group>";
		};
		0937F801280A081E00A3A272 /* Supporting Files */ = {
			isa = PBXGroup;
			children = (
				093488DD2808AA9700F7B4ED /* AppDelegate.swift */,
				093488DF2808AA9700F7B4ED /* SceneDelegate.swift */,
				093488FD2808BCE900F7B4ED /* Constants.swift */,
				093488EB2808AA9A00F7B4ED /* Info.plist */,
			);
			path = "Supporting Files";
			sourceTree = "<group>";
		};
/* End PBXGroup section */

/* Begin PBXNativeTarget section */
		093488D92808AA9700F7B4ED /* RickAndMorty */ = {
			isa = PBXNativeTarget;
			buildConfigurationList = 093488EE2808AA9A00F7B4ED /* Build configuration list for PBXNativeTarget "RickAndMorty" */;
			buildPhases = (
				093488D62808AA9700F7B4ED /* Sources */,
				093488D72808AA9700F7B4ED /* Frameworks */,
				093488D82808AA9700F7B4ED /* Resources */,
			);
			buildRules = (
			);
			dependencies = (
			);
			name = RickAndMorty;
			productName = RickAndMorty;
			productReference = 093488DA2808AA9700F7B4ED /* RickAndMorty.app */;
			productType = "com.apple.product-type.application";
		};
/* End PBXNativeTarget section */

/* Begin PBXProject section */
		093488D22808AA9700F7B4ED /* Project object */ = {
			isa = PBXProject;
			attributes = {
				BuildIndependentTargetsInParallel = 1;
				LastSwiftUpdateCheck = 1310;
				LastUpgradeCheck = 1310;
				TargetAttributes = {
					093488D92808AA9700F7B4ED = {
						CreatedOnToolsVersion = 13.1;
					};
				};
			};
			buildConfigurationList = 093488D52808AA9700F7B4ED /* Build configuration list for PBXProject "RickAndMorty" */;
			compatibilityVersion = "Xcode 13.0";
			developmentRegion = en;
			hasScannedForEncodings = 0;
			knownRegions = (
				en,
				Base,
			);
			mainGroup = 093488D12808AA9700F7B4ED;
			productRefGroup = 093488DB2808AA9700F7B4ED /* Products */;
			projectDirPath = "";
			projectRoot = "";
			targets = (
				093488D92808AA9700F7B4ED /* RickAndMorty */,
			);
		};
/* End PBXProject section */

/* Begin PBXResourcesBuildPhase section */
		093488D82808AA9700F7B4ED /* Resources */ = {
			isa = PBXResourcesBuildPhase;
			buildActionMask = 2147483647;
			files = (
				093488EA2808AA9A00F7B4ED /* LaunchScreen.storyboard in Resources */,
				093488E72808AA9A00F7B4ED /* Assets.xcassets in Resources */,
				093488E52808AA9700F7B4ED /* Main.storyboard in Resources */,
			);
			runOnlyForDeploymentPostprocessing = 0;
		};
/* End PBXResourcesBuildPhase section */

/* Begin PBXSourcesBuildPhase section */
		093488D62808AA9700F7B4ED /* Sources */ = {
			isa = PBXSourcesBuildPhase;
			buildActionMask = 2147483647;
			files = (
				0937F7FD2809EE1400A3A272 /* CharacterDetailViewController.swift in Sources */,
				093488DE2808AA9700F7B4ED /* AppDelegate.swift in Sources */,
				093488F72808B32600F7B4ED /* NetworkManager.swift in Sources */,
				093488F92808B34600F7B4ED /* CharactersPage.swift in Sources */,
				093488FE2808BCE900F7B4ED /* Constants.swift in Sources */,
				093488E02808AA9700F7B4ED /* SceneDelegate.swift in Sources */,
				093488F22808B00600F7B4ED /* CharacterTableViewCell.swift in Sources */,
				0937F7FF280A010900A3A272 /* CharactersListViewController.swift in Sources */,
			);
			runOnlyForDeploymentPostprocessing = 0;
		};
/* End PBXSourcesBuildPhase section */

/* Begin PBXVariantGroup section */
		093488E32808AA9700F7B4ED /* Main.storyboard */ = {
			isa = PBXVariantGroup;
			children = (
				093488E42808AA9700F7B4ED /* Base */,
			);
			name = Main.storyboard;
			sourceTree = "<group>";
		};
		093488E82808AA9A00F7B4ED /* LaunchScreen.storyboard */ = {
			isa = PBXVariantGroup;
			children = (
				093488E92808AA9A00F7B4ED /* Base */,
			);
			name = LaunchScreen.storyboard;
			sourceTree = "<group>";
		};
/* End PBXVariantGroup section */

/* Begin XCBuildConfiguration section */
		093488EC2808AA9A00F7B4ED /* Debug */ = {
			isa = XCBuildConfiguration;
			buildSettings = {
				ALWAYS_SEARCH_USER_PATHS = NO;
				CLANG_ANALYZER_NONNULL = YES;
				CLANG_ANALYZER_NUMBER_OBJECT_CONVERSION = YES_AGGRESSIVE;
				CLANG_CXX_LANGUAGE_STANDARD = "gnu++17";
				CLANG_CXX_LIBRARY = "libc++";
				CLANG_ENABLE_MODULES = YES;
				CLANG_ENABLE_OBJC_ARC = YES;
				CLANG_ENABLE_OBJC_WEAK = YES;
				CLANG_WARN_BLOCK_CAPTURE_AUTORELEASING = YES;
				CLANG_WARN_BOOL_CONVERSION = YES;
				CLANG_WARN_COMMA = YES;
				CLANG_WARN_CONSTANT_CONVERSION = YES;
				CLANG_WARN_DEPRECATED_OBJC_IMPLEMENTATIONS = YES;
				CLANG_WARN_DIRECT_OBJC_ISA_USAGE = YES_ERROR;
				CLANG_WARN_DOCUMENTATION_COMMENTS = YES;
				CLANG_WARN_EMPTY_BODY = YES;
				CLANG_WARN_ENUM_CONVERSION = YES;
				CLANG_WARN_INFINITE_RECURSION = YES;
				CLANG_WARN_INT_CONVERSION = YES;
				CLANG_WARN_NON_LITERAL_NULL_CONVERSION = YES;
				CLANG_WARN_OBJC_IMPLICIT_RETAIN_SELF = YES;
				CLANG_WARN_OBJC_LITERAL_CONVERSION = YES;
				CLANG_WARN_OBJC_ROOT_CLASS = YES_ERROR;
				CLANG_WARN_QUOTED_INCLUDE_IN_FRAMEWORK_HEADER = YES;
				CLANG_WARN_RANGE_LOOP_ANALYSIS = YES;
				CLANG_WARN_STRICT_PROTOTYPES = YES;
				CLANG_WARN_SUSPICIOUS_MOVE = YES;
				CLANG_WARN_UNGUARDED_AVAILABILITY = YES_AGGRESSIVE;
				CLANG_WARN_UNREACHABLE_CODE = YES;
				CLANG_WARN__DUPLICATE_METHOD_MATCH = YES;
				COPY_PHASE_STRIP = NO;
				DEBUG_INFORMATION_FORMAT = dwarf;
				ENABLE_STRICT_OBJC_MSGSEND = YES;
				ENABLE_TESTABILITY = YES;
				GCC_C_LANGUAGE_STANDARD = gnu11;
				GCC_DYNAMIC_NO_PIC = NO;
				GCC_NO_COMMON_BLOCKS = YES;
				GCC_OPTIMIZATION_LEVEL = 0;
				GCC_PREPROCESSOR_DEFINITIONS = (
					"DEBUG=1",
					"$(inherited)",
				);
				GCC_WARN_64_TO_32_BIT_CONVERSION = YES;
				GCC_WARN_ABOUT_RETURN_TYPE = YES_ERROR;
				GCC_WARN_UNDECLARED_SELECTOR = YES;
				GCC_WARN_UNINITIALIZED_AUTOS = YES_AGGRESSIVE;
				GCC_WARN_UNUSED_FUNCTION = YES;
				GCC_WARN_UNUSED_VARIABLE = YES;
				IPHONEOS_DEPLOYMENT_TARGET = 15.0;
				MTL_ENABLE_DEBUG_INFO = INCLUDE_SOURCE;
				MTL_FAST_MATH = YES;
				ONLY_ACTIVE_ARCH = YES;
				SDKROOT = iphoneos;
				SWIFT_ACTIVE_COMPILATION_CONDITIONS = DEBUG;
				SWIFT_OPTIMIZATION_LEVEL = "-Onone";
			};
			name = Debug;
		};
		093488ED2808AA9A00F7B4ED /* Release */ = {
			isa = XCBuildConfiguration;
			buildSettings = {
				ALWAYS_SEARCH_USER_PATHS = NO;
				CLANG_ANALYZER_NONNULL = YES;
				CLANG_ANALYZER_NUMBER_OBJECT_CONVERSION = YES_AGGRESSIVE;
				CLANG_CXX_LANGUAGE_STANDARD = "gnu++17";
				CLANG_CXX_LIBRARY = "libc++";
				CLANG_ENABLE_MODULES = YES;
				CLANG_ENABLE_OBJC_ARC = YES;
				CLANG_ENABLE_OBJC_WEAK = YES;
				CLANG_WARN_BLOCK_CAPTURE_AUTORELEASING = YES;
				CLANG_WARN_BOOL_CONVERSION = YES;
				CLANG_WARN_COMMA = YES;
				CLANG_WARN_CONSTANT_CONVERSION = YES;
				CLANG_WARN_DEPRECATED_OBJC_IMPLEMENTATIONS = YES;
				CLANG_WARN_DIRECT_OBJC_ISA_USAGE = YES_ERROR;
				CLANG_WARN_DOCUMENTATION_COMMENTS = YES;
				CLANG_WARN_EMPTY_BODY = YES;
				CLANG_WARN_ENUM_CONVERSION = YES;
				CLANG_WARN_INFINITE_RECURSION = YES;
				CLANG_WARN_INT_CONVERSION = YES;
				CLANG_WARN_NON_LITERAL_NULL_CONVERSION = YES;
				CLANG_WARN_OBJC_IMPLICIT_RETAIN_SELF = YES;
				CLANG_WARN_OBJC_LITERAL_CONVERSION = YES;
				CLANG_WARN_OBJC_ROOT_CLASS = YES_ERROR;
				CLANG_WARN_QUOTED_INCLUDE_IN_FRAMEWORK_HEADER = YES;
				CLANG_WARN_RANGE_LOOP_ANALYSIS = YES;
				CLANG_WARN_STRICT_PROTOTYPES = YES;
				CLANG_WARN_SUSPICIOUS_MOVE = YES;
				CLANG_WARN_UNGUARDED_AVAILABILITY = YES_AGGRESSIVE;
				CLANG_WARN_UNREACHABLE_CODE = YES;
				CLANG_WARN__DUPLICATE_METHOD_MATCH = YES;
				COPY_PHASE_STRIP = NO;
				DEBUG_INFORMATION_FORMAT = "dwarf-with-dsym";
				ENABLE_NS_ASSERTIONS = NO;
				ENABLE_STRICT_OBJC_MSGSEND = YES;
				GCC_C_LANGUAGE_STANDARD = gnu11;
				GCC_NO_COMMON_BLOCKS = YES;
				GCC_WARN_64_TO_32_BIT_CONVERSION = YES;
				GCC_WARN_ABOUT_RETURN_TYPE = YES_ERROR;
				GCC_WARN_UNDECLARED_SELECTOR = YES;
				GCC_WARN_UNINITIALIZED_AUTOS = YES_AGGRESSIVE;
				GCC_WARN_UNUSED_FUNCTION = YES;
				GCC_WARN_UNUSED_VARIABLE = YES;
				IPHONEOS_DEPLOYMENT_TARGET = 15.0;
				MTL_ENABLE_DEBUG_INFO = NO;
				MTL_FAST_MATH = YES;
				SDKROOT = iphoneos;
				SWIFT_COMPILATION_MODE = wholemodule;
				SWIFT_OPTIMIZATION_LEVEL = "-O";
				VALIDATE_PRODUCT = YES;
			};
			name = Release;
		};
		093488EF2808AA9A00F7B4ED /* Debug */ = {
			isa = XCBuildConfiguration;
			buildSettings = {
				ASSETCATALOG_COMPILER_APPICON_NAME = AppIcon;
				ASSETCATALOG_COMPILER_GLOBAL_ACCENT_COLOR_NAME = AccentColor;
				CODE_SIGN_STYLE = Automatic;
				CURRENT_PROJECT_VERSION = 1;
				GENERATE_INFOPLIST_FILE = YES;
				INFOPLIST_FILE = "RickAndMorty/Supporting Files/Info.plist";
				INFOPLIST_KEY_UIApplicationSupportsIndirectInputEvents = YES;
				INFOPLIST_KEY_UILaunchStoryboardName = LaunchScreen;
				INFOPLIST_KEY_UIMainStoryboardFile = Main;
				INFOPLIST_KEY_UISupportedInterfaceOrientations = UIInterfaceOrientationPortrait;
				INFOPLIST_KEY_UISupportedInterfaceOrientations_iPad = "UIInterfaceOrientationPortrait UIInterfaceOrientationPortraitUpsideDown UIInterfaceOrientationLandscapeLeft UIInterfaceOrientationLandscapeRight";
				INFOPLIST_KEY_UISupportedInterfaceOrientations_iPhone = "UIInterfaceOrientationPortrait UIInterfaceOrientationLandscapeLeft UIInterfaceOrientationLandscapeRight";
				IPHONEOS_DEPLOYMENT_TARGET = 13.0;
				LD_RUNPATH_SEARCH_PATHS = (
					"$(inherited)",
					"@executable_path/Frameworks",
				);
				MARKETING_VERSION = 1.0;
				PRODUCT_BUNDLE_IDENTIFIER = AdmiralBizon.RickAndMorty;
				PRODUCT_NAME = "$(TARGET_NAME)";
				SWIFT_EMIT_LOC_STRINGS = YES;
				SWIFT_VERSION = 5.0;
				TARGETED_DEVICE_FAMILY = 1;
			};
			name = Debug;
		};
		093488F02808AA9A00F7B4ED /* Release */ = {
			isa = XCBuildConfiguration;
			buildSettings = {
				ASSETCATALOG_COMPILER_APPICON_NAME = AppIcon;
				ASSETCATALOG_COMPILER_GLOBAL_ACCENT_COLOR_NAME = AccentColor;
				CODE_SIGN_STYLE = Automatic;
				CURRENT_PROJECT_VERSION = 1;
				GENERATE_INFOPLIST_FILE = YES;
				INFOPLIST_FILE = "RickAndMorty/Supporting Files/Info.plist";
				INFOPLIST_KEY_UIApplicationSupportsIndirectInputEvents = YES;
				INFOPLIST_KEY_UILaunchStoryboardName = LaunchScreen;
				INFOPLIST_KEY_UIMainStoryboardFile = Main;
				INFOPLIST_KEY_UISupportedInterfaceOrientations = UIInterfaceOrientationPortrait;
				INFOPLIST_KEY_UISupportedInterfaceOrientations_iPad = "UIInterfaceOrientationPortrait UIInterfaceOrientationPortraitUpsideDown UIInterfaceOrientationLandscapeLeft UIInterfaceOrientationLandscapeRight";
				INFOPLIST_KEY_UISupportedInterfaceOrientations_iPhone = "UIInterfaceOrientationPortrait UIInterfaceOrientationLandscapeLeft UIInterfaceOrientationLandscapeRight";
				IPHONEOS_DEPLOYMENT_TARGET = 13.0;
				LD_RUNPATH_SEARCH_PATHS = (
					"$(inherited)",
					"@executable_path/Frameworks",
				);
				MARKETING_VERSION = 1.0;
				PRODUCT_BUNDLE_IDENTIFIER = AdmiralBizon.RickAndMorty;
				PRODUCT_NAME = "$(TARGET_NAME)";
				SWIFT_EMIT_LOC_STRINGS = YES;
				SWIFT_VERSION = 5.0;
				TARGETED_DEVICE_FAMILY = 1;
			};
			name = Release;
		};
/* End XCBuildConfiguration section */

/* Begin XCConfigurationList section */
		093488D52808AA9700F7B4ED /* Build configuration list for PBXProject "RickAndMorty" */ = {
			isa = XCConfigurationList;
			buildConfigurations = (
				093488EC2808AA9A00F7B4ED /* Debug */,
				093488ED2808AA9A00F7B4ED /* Release */,
			);
			defaultConfigurationIsVisible = 0;
			defaultConfigurationName = Release;
		};
		093488EE2808AA9A00F7B4ED /* Build configuration list for PBXNativeTarget "RickAndMorty" */ = {
			isa = XCConfigurationList;
			buildConfigurations = (
				093488EF2808AA9A00F7B4ED /* Debug */,
				093488F02808AA9A00F7B4ED /* Release */,
			);
			defaultConfigurationIsVisible = 0;
			defaultConfigurationName = Release;
		};
/* End XCConfigurationList section */
	};
	rootObject = 093488D22808AA9700F7B4ED /* Project object */;
}
